
Microsoft Visual Studio Solution File, Format Version 12.00
# Visual Studio Version 17
VisualStudioVersion = 17.9.34701.34
MinimumVisualStudioVersion = 10.0.40219.1
Project("{FAE04EC0-301F-11D3-BF4B-00C04F79EFBC}") = "PDSA Games", "PDSA Games\PDSA Games.csproj", "{801E8C01-16CC-4749-A349-240C91CC21B5}"
EndProject
Global
	GlobalSection(SolutionConfigurationPlatforms) = preSolution
		Debug|Any CPU = Debug|Any CPU
		Release|Any CPU = Release|Any CPU
	EndGlobalSection
	GlobalSection(ProjectConfigurationPlatforms) = postSolution
		{801E8C01-16CC-4749-A349-240C91CC21B5}.Debug|Any CPU.ActiveCfg = Debug|Any CPU
		{801E8C01-16CC-4749-A349-240C91CC21B5}.Debug|Any CPU.Build.0 = Debug|Any CPU
		{801E8C01-16CC-4749-A349-240C91CC21B5}.Release|Any CPU.ActiveCfg = Release|Any CPU
		{801E8C01-16CC-4749-A349-240C91CC21B5}.Release|Any CPU.Build.0 = Release|Any CPU
	EndGlobalSection
	GlobalSection(SolutionProperties) = preSolution
		HideSolutionNode = FALSE
	EndGlobalSection
	GlobalSection(ExtensibilityGlobals) = postSolution
		SolutionGuid = {66B55DD1-4141-4EAB-8522-47B729224C0D}
	EndGlobalSection
EndGlobal
